
Microsoft Visual Studio Solution File, Format Version 12.00
# Visual Studio Version 17
VisualStudioVersion = 17.0.31903.59
MinimumVisualStudioVersion = 10.0.40219.1
Project("{FAE04EC0-301F-11D3-BF4B-00C04F79EFBC}") = "CurrencyConverter.API", "CurrencyConverter.API\CurrencyConverter.API.csproj", "{6DD61525-3874-44DF-A0C6-4AF764E90774}"
EndProject
Project("{FAE04EC0-301F-11D3-BF4B-00C04F79EFBC}") = "CurrencyConverter.Infrastructure", "CurrencyConverter.Infrastructure\CurrencyConverter.Infrastructure.csproj", "{1456E93F-04B1-43F0-8482-A11CF21F5B9B}"
EndProject
Project("{FAE04EC0-301F-11D3-BF4B-00C04F79EFBC}") = "CurrencyConverter.Domain", "CurrencyConverter.Domain\CurrencyConverter.Domain.csproj", "{B1247383-9ED8-49EB-AC1B-72466F7113CA}"
EndProject
Project("{FAE04EC0-301F-11D3-BF4B-00C04F79EFBC}") = "CurrencyConverter.Application", "CurrencyConverter.Application\CurrencyConverter.Application.csproj", "{0368249E-3AD9-438C-9FAB-0435DE2B2E10}"
EndProject
Project("{FAE04EC0-301F-11D3-BF4B-00C04F79EFBC}") = "CurrencyConverter.Tests", "CurrencyConverter.Tests\CurrencyConverter.Tests.csproj", "{D8D58B2D-AEF8-77A3-1A8A-DF5EDFFF7D6C}"
EndProject
Global
	GlobalSection(SolutionConfigurationPlatforms) = preSolution
		Debug|Any CPU = Debug|Any CPU
		Debug|x64 = Debug|x64
		Debug|x86 = Debug|x86
		Release|Any CPU = Release|Any CPU
		Release|x64 = Release|x64
		Release|x86 = Release|x86
	EndGlobalSection
	GlobalSection(ProjectConfigurationPlatforms) = postSolution
		{6DD61525-3874-44DF-A0C6-4AF764E90774}.Debug|Any CPU.ActiveCfg = Debug|Any CPU
		{6DD61525-3874-44DF-A0C6-4AF764E90774}.Debug|Any CPU.Build.0 = Debug|Any CPU
		{6DD61525-3874-44DF-A0C6-4AF764E90774}.Debug|x64.ActiveCfg = Debug|Any CPU
		{6DD61525-3874-44DF-A0C6-4AF764E90774}.Debug|x64.Build.0 = Debug|Any CPU
		{6DD61525-3874-44DF-A0C6-4AF764E90774}.Debug|x86.ActiveCfg = Debug|Any CPU
		{6DD61525-3874-44DF-A0C6-4AF764E90774}.Debug|x86.Build.0 = Debug|Any CPU
		{6DD61525-3874-44DF-A0C6-4AF764E90774}.Release|Any CPU.ActiveCfg = Release|Any CPU
		{6DD61525-3874-44DF-A0C6-4AF764E90774}.Release|Any CPU.Build.0 = Release|Any CPU
		{6DD61525-3874-44DF-A0C6-4AF764E90774}.Release|x64.ActiveCfg = Release|Any CPU
		{6DD61525-3874-44DF-A0C6-4AF764E90774}.Release|x64.Build.0 = Release|Any CPU
		{6DD61525-3874-44DF-A0C6-4AF764E90774}.Release|x86.ActiveCfg = Release|Any CPU
		{6DD61525-3874-44DF-A0C6-4AF764E90774}.Release|x86.Build.0 = Release|Any CPU
		{1456E93F-04B1-43F0-8482-A11CF21F5B9B}.Debug|Any CPU.ActiveCfg = Debug|Any CPU
		{1456E93F-04B1-43F0-8482-A11CF21F5B9B}.Debug|Any CPU.Build.0 = Debug|Any CPU
		{1456E93F-04B1-43F0-8482-A11CF21F5B9B}.Debug|x64.ActiveCfg = Debug|Any CPU
		{1456E93F-04B1-43F0-8482-A11CF21F5B9B}.Debug|x64.Build.0 = Debug|Any CPU
		{1456E93F-04B1-43F0-8482-A11CF21F5B9B}.Debug|x86.ActiveCfg = Debug|Any CPU
		{1456E93F-04B1-43F0-8482-A11CF21F5B9B}.Debug|x86.Build.0 = Debug|Any CPU
		{1456E93F-04B1-43F0-8482-A11CF21F5B9B}.Release|Any CPU.ActiveCfg = Release|Any CPU
		{1456E93F-04B1-43F0-8482-A11CF21F5B9B}.Release|Any CPU.Build.0 = Release|Any CPU
		{1456E93F-04B1-43F0-8482-A11CF21F5B9B}.Release|x64.ActiveCfg = Release|Any CPU
		{1456E93F-04B1-43F0-8482-A11CF21F5B9B}.Release|x64.Build.0 = Release|Any CPU
		{1456E93F-04B1-43F0-8482-A11CF21F5B9B}.Release|x86.ActiveCfg = Release|Any CPU
		{1456E93F-04B1-43F0-8482-A11CF21F5B9B}.Release|x86.Build.0 = Release|Any CPU
		{B1247383-9ED8-49EB-AC1B-72466F7113CA}.Debug|Any CPU.ActiveCfg = Debug|Any CPU
		{B1247383-9ED8-49EB-AC1B-72466F7113CA}.Debug|Any CPU.Build.0 = Debug|Any CPU
		{B1247383-9ED8-49EB-AC1B-72466F7113CA}.Debug|x64.ActiveCfg = Debug|Any CPU
		{B1247383-9ED8-49EB-AC1B-72466F7113CA}.Debug|x64.Build.0 = Debug|Any CPU
		{B1247383-9ED8-49EB-AC1B-72466F7113CA}.Debug|x86.ActiveCfg = Debug|Any CPU
		{B1247383-9ED8-49EB-AC1B-72466F7113CA}.Debug|x86.Build.0 = Debug|Any CPU
		{B1247383-9ED8-49EB-AC1B-72466F7113CA}.Release|Any CPU.ActiveCfg = Release|Any CPU
		{B1247383-9ED8-49EB-AC1B-72466F7113CA}.Release|Any CPU.Build.0 = Release|Any CPU
		{B1247383-9ED8-49EB-AC1B-72466F7113CA}.Release|x64.ActiveCfg = Release|Any CPU
		{B1247383-9ED8-49EB-AC1B-72466F7113CA}.Release|x64.Build.0 = Release|Any CPU
		{B1247383-9ED8-49EB-AC1B-72466F7113CA}.Release|x86.ActiveCfg = Release|Any CPU
		{B1247383-9ED8-49EB-AC1B-72466F7113CA}.Release|x86.Build.0 = Release|Any CPU
		{0368249E-3AD9-438C-9FAB-0435DE2B2E10}.Debug|Any CPU.ActiveCfg = Debug|Any CPU
		{0368249E-3AD9-438C-9FAB-0435DE2B2E10}.Debug|Any CPU.Build.0 = Debug|Any CPU
		{0368249E-3AD9-438C-9FAB-0435DE2B2E10}.Debug|x64.ActiveCfg = Debug|Any CPU
		{0368249E-3AD9-438C-9FAB-0435DE2B2E10}.Debug|x64.Build.0 = Debug|Any CPU
		{0368249E-3AD9-438C-9FAB-0435DE2B2E10}.Debug|x86.ActiveCfg = Debug|Any CPU
		{0368249E-3AD9-438C-9FAB-0435DE2B2E10}.Debug|x86.Build.0 = Debug|Any CPU
		{0368249E-3AD9-438C-9FAB-0435DE2B2E10}.Release|Any CPU.ActiveCfg = Release|Any CPU
		{0368249E-3AD9-438C-9FAB-0435DE2B2E10}.Release|Any CPU.Build.0 = Release|Any CPU
		{0368249E-3AD9-438C-9FAB-0435DE2B2E10}.Release|x64.ActiveCfg = Release|Any CPU
		{0368249E-3AD9-438C-9FAB-0435DE2B2E10}.Release|x64.Build.0 = Release|Any CPU
		{0368249E-3AD9-438C-9FAB-0435DE2B2E10}.Release|x86.ActiveCfg = Release|Any CPU
		{0368249E-3AD9-438C-9FAB-0435DE2B2E10}.Release|x86.Build.0 = Release|Any CPU
		{D8D58B2D-AEF8-77A3-1A8A-DF5EDFFF7D6C}.Debug|Any CPU.ActiveCfg = Debug|Any CPU
		{D8D58B2D-AEF8-77A3-1A8A-DF5EDFFF7D6C}.Debug|Any CPU.Build.0 = Debug|Any CPU
		{D8D58B2D-AEF8-77A3-1A8A-DF5EDFFF7D6C}.Debug|x64.ActiveCfg = Debug|Any CPU
		{D8D58B2D-AEF8-77A3-1A8A-DF5EDFFF7D6C}.Debug|x64.Build.0 = Debug|Any CPU
		{D8D58B2D-AEF8-77A3-1A8A-DF5EDFFF7D6C}.Debug|x86.ActiveCfg = Debug|Any CPU
		{D8D58B2D-AEF8-77A3-1A8A-DF5EDFFF7D6C}.Debug|x86.Build.0 = Debug|Any CPU
		{D8D58B2D-AEF8-77A3-1A8A-DF5EDFFF7D6C}.Release|Any CPU.ActiveCfg = Release|Any CPU
		{D8D58B2D-AEF8-77A3-1A8A-DF5EDFFF7D6C}.Release|Any CPU.Build.0 = Release|Any CPU
		{D8D58B2D-AEF8-77A3-1A8A-DF5EDFFF7D6C}.Release|x64.ActiveCfg = Release|Any CPU
		{D8D58B2D-AEF8-77A3-1A8A-DF5EDFFF7D6C}.Release|x64.Build.0 = Release|Any CPU
		{D8D58B2D-AEF8-77A3-1A8A-DF5EDFFF7D6C}.Release|x86.ActiveCfg = Release|Any CPU
		{D8D58B2D-AEF8-77A3-1A8A-DF5EDFFF7D6C}.Release|x86.Build.0 = Release|Any CPU
	EndGlobalSection
	GlobalSection(SolutionProperties) = preSolution
		HideSolutionNode = FALSE
	EndGlobalSection
EndGlobal
